
Microsoft Visual Studio Solution File, Format Version 12.00
# Visual Studio Version 17
VisualStudioVersion = 17.1.32407.343
MinimumVisualStudioVersion = 10.0.40219.1
Project("{FAE04EC0-301F-11D3-BF4B-00C04F79EFBC}") = "LarimalTravel", "LarimalTravel.csproj", "{D2CCF0FC-B446-4D61-8E35-88B916F7D032}"
EndProject
Global
	GlobalSection(SolutionConfigurationPlatforms) = preSolution
		Debug|Any CPU = Debug|Any CPU
		Release|Any CPU = Release|Any CPU
	EndGlobalSection
	GlobalSection(ProjectConfigurationPlatforms) = postSolution
		{D2CCF0FC-B446-4D61-8E35-88B916F7D032}.Debug|Any CPU.ActiveCfg = Debug|Any CPU
		{D2CCF0FC-B446-4D61-8E35-88B916F7D032}.Debug|Any CPU.Build.0 = Debug|Any CPU
		{D2CCF0FC-B446-4D61-8E35-88B916F7D032}.Release|Any CPU.ActiveCfg = Release|Any CPU
		{D2CCF0FC-B446-4D61-8E35-88B916F7D032}.Release|Any CPU.Build.0 = Release|Any CPU
	EndGlobalSection
	GlobalSection(SolutionProperties) = preSolution
		HideSolutionNode = FALSE
	EndGlobalSection
	GlobalSection(ExtensibilityGlobals) = postSolution
		SolutionGuid = {BED74E89-2C5A-4776-9D3D-DAB3DB29C7CB}
	EndGlobalSection
EndGlobal
